
Microsoft Visual Studio Solution File, Format Version 12.00
# Visual Studio 14
VisualStudioVersion = 14.0.25420.1
MinimumVisualStudioVersion = 10.0.40219.1
Project("{FAE04EC0-301F-11D3-BF4B-00C04F79EFBC}") = "FactoryMethodPattern", "..\FactoryPattern\FactoryMethodPattern.csproj", "{E6FF9185-D652-4E2F-8AD5-99881DE29C2D}"
EndProject
Project("{FAE04EC0-301F-11D3-BF4B-00C04F79EFBC}") = "StrategyPattern", "..\StrategyDesignPattern\StrategyPattern.csproj", "{309AF046-3A1F-4439-A250-7C0F3D353D90}"
EndProject
Project("{FAE04EC0-301F-11D3-BF4B-00C04F79EFBC}") = "SingletonPattern", "SingletonPattern\SingletonPattern.csproj", "{C224CB3D-706E-406A-86DF-7F002F8AC2FE}"
EndProject
Global
	GlobalSection(SolutionConfigurationPlatforms) = preSolution
		Debug|Any CPU = Debug|Any CPU
		Release|Any CPU = Release|Any CPU
	EndGlobalSection
	GlobalSection(ProjectConfigurationPlatforms) = postSolution
		{E6FF9185-D652-4E2F-8AD5-99881DE29C2D}.Debug|Any CPU.ActiveCfg = Debug|Any CPU
		{E6FF9185-D652-4E2F-8AD5-99881DE29C2D}.Debug|Any CPU.Build.0 = Debug|Any CPU
		{E6FF9185-D652-4E2F-8AD5-99881DE29C2D}.Release|Any CPU.ActiveCfg = Release|Any CPU
		{E6FF9185-D652-4E2F-8AD5-99881DE29C2D}.Release|Any CPU.Build.0 = Release|Any CPU
		{309AF046-3A1F-4439-A250-7C0F3D353D90}.Debug|Any CPU.ActiveCfg = Debug|Any CPU
		{309AF046-3A1F-4439-A250-7C0F3D353D90}.Debug|Any CPU.Build.0 = Debug|Any CPU
		{309AF046-3A1F-4439-A250-7C0F3D353D90}.Release|Any CPU.ActiveCfg = Release|Any CPU
		{309AF046-3A1F-4439-A250-7C0F3D353D90}.Release|Any CPU.Build.0 = Release|Any CPU
		{C224CB3D-706E-406A-86DF-7F002F8AC2FE}.Debug|Any CPU.ActiveCfg = Debug|Any CPU
		{C224CB3D-706E-406A-86DF-7F002F8AC2FE}.Debug|Any CPU.Build.0 = Debug|Any CPU
		{C224CB3D-706E-406A-86DF-7F002F8AC2FE}.Release|Any CPU.ActiveCfg = Release|Any CPU
		{C224CB3D-706E-406A-86DF-7F002F8AC2FE}.Release|Any CPU.Build.0 = Release|Any CPU
	EndGlobalSection
	GlobalSection(SolutionProperties) = preSolution
		HideSolutionNode = FALSE
	EndGlobalSection
EndGlobal
